
Microsoft Visual Studio Solution File, Format Version 12.00
# Visual Studio Version 16
VisualStudioVersion = 16.0.29926.136
MinimumVisualStudioVersion = 10.0.40219.1
Project("{FAE04EC0-301F-11D3-BF4B-00C04F79EFBC}") = "BINON2", "BINON2\BINON2.csproj", "{BA6E1507-3EBE-4557-A0F9-561B36CF4C88}"
EndProject
Global
	GlobalSection(SolutionConfigurationPlatforms) = preSolution
		Debug|Any CPU = Debug|Any CPU
		Release|Any CPU = Release|Any CPU
	EndGlobalSection
	GlobalSection(ProjectConfigurationPlatforms) = postSolution
		{BA6E1507-3EBE-4557-A0F9-561B36CF4C88}.Debug|Any CPU.ActiveCfg = Debug|Any CPU
		{BA6E1507-3EBE-4557-A0F9-561B36CF4C88}.Debug|Any CPU.Build.0 = Debug|Any CPU
		{BA6E1507-3EBE-4557-A0F9-561B36CF4C88}.Release|Any CPU.ActiveCfg = Release|Any CPU
		{BA6E1507-3EBE-4557-A0F9-561B36CF4C88}.Release|Any CPU.Build.0 = Release|Any CPU
	EndGlobalSection
	GlobalSection(SolutionProperties) = preSolution
		HideSolutionNode = FALSE
	EndGlobalSection
	GlobalSection(ExtensibilityGlobals) = postSolution
		SolutionGuid = {34609E0C-BC15-42F9-8853-FEC20042AEF0}
	EndGlobalSection
EndGlobal
